
Microsoft Visual Studio Solution File, Format Version 12.00
# Visual Studio Version 16
VisualStudioVersion = 16.0.31729.503
MinimumVisualStudioVersion = 10.0.40219.1
Project("{FAE04EC0-301F-11D3-BF4B-00C04F79EFBC}") = "NetSpeedApp", "NetSpeedApp\NetSpeedApp.csproj", "{9606E92C-C99C-4C87-9E32-67640FDAC69B}"
EndProject
Global
	GlobalSection(SolutionConfigurationPlatforms) = preSolution
		Debug|Any CPU = Debug|Any CPU
		Release|Any CPU = Release|Any CPU
	EndGlobalSection
	GlobalSection(ProjectConfigurationPlatforms) = postSolution
		{9606E92C-C99C-4C87-9E32-67640FDAC69B}.Debug|Any CPU.ActiveCfg = Debug|Any CPU
		{9606E92C-C99C-4C87-9E32-67640FDAC69B}.Debug|Any CPU.Build.0 = Debug|Any CPU
		{9606E92C-C99C-4C87-9E32-67640FDAC69B}.Release|Any CPU.ActiveCfg = Release|Any CPU
		{9606E92C-C99C-4C87-9E32-67640FDAC69B}.Release|Any CPU.Build.0 = Release|Any CPU
	EndGlobalSection
	GlobalSection(SolutionProperties) = preSolution
		HideSolutionNode = FALSE
	EndGlobalSection
	GlobalSection(ExtensibilityGlobals) = postSolution
		SolutionGuid = {27217D74-0B9D-4CE7-9977-64B2D651D194}
	EndGlobalSection
EndGlobal
